// !$*UTF8*$!
{
	archiveVersion = 1;
	classes = {
	};
	objectVersion = 56;
	objects = {

/* Begin PBXBuildFile section */
		0A4584332933AF1B00007134 /* AppDelegate.swift in Sources */ = {isa = PBXBuildFile; fileRef = 0A4584322933AF1B00007134 /* AppDelegate.swift */; };
		0A4584352933AF1B00007134 /* SceneDelegate.swift in Sources */ = {isa = PBXBuildFile; fileRef = 0A4584342933AF1B00007134 /* SceneDelegate.swift */; };
		0A4584372933AF1B00007134 /* ViewController.swift in Sources */ = {isa = PBXBuildFile; fileRef = 0A4584362933AF1B00007134 /* ViewController.swift */; };
		0A45843A2933AF1B00007134 /* Main.storyboard in Resources */ = {isa = PBXBuildFile; fileRef = 0A4584382933AF1B00007134 /* Main.storyboard */; };
		0A45843C2933AF1D00007134 /* Assets.xcassets in Resources */ = {isa = PBXBuildFile; fileRef = 0A45843B2933AF1D00007134 /* Assets.xcassets */; };
		0A45843F2933AF1D00007134 /* LaunchScreen.storyboard in Resources */ = {isa = PBXBuildFile; fileRef = 0A45843D2933AF1D00007134 /* LaunchScreen.storyboard */; };
		0A4584482933B10000007134 /* NetworkClient.swift in Sources */ = {isa = PBXBuildFile; fileRef = 0A4584472933B10000007134 /* NetworkClient.swift */; };
		0A45844A2933B13400007134 /* NetworkConfiguration.swift in Sources */ = {isa = PBXBuildFile; fileRef = 0A4584492933B13400007134 /* NetworkConfiguration.swift */; };
		0A45844C2933BFD000007134 /* NewsService.swift in Sources */ = {isa = PBXBuildFile; fileRef = 0A45844B2933BFD000007134 /* NewsService.swift */; };
		0A45844E2933C01E00007134 /* DI.swift in Sources */ = {isa = PBXBuildFile; fileRef = 0A45844D2933C01E00007134 /* DI.swift */; };
		0A4584512933C68300007134 /* NewsItem.swift in Sources */ = {isa = PBXBuildFile; fileRef = 0A4584502933C68300007134 /* NewsItem.swift */; };
		0A4584532933CE9600007134 /* JsonHelper.swift in Sources */ = {isa = PBXBuildFile; fileRef = 0A4584522933CE9600007134 /* JsonHelper.swift */; };
/* End PBXBuildFile section */

/* Begin PBXFileReference section */
		0A45842F2933AF1B00007134 /* HW24.app */ = {isa = PBXFileReference; explicitFileType = wrapper.application; includeInIndex = 0; path = HW24.app; sourceTree = BUILT_PRODUCTS_DIR; };
		0A4584322933AF1B00007134 /* AppDelegate.swift */ = {isa = PBXFileReference; lastKnownFileType = sourcecode.swift; path = AppDelegate.swift; sourceTree = "<group>"; };
		0A4584342933AF1B00007134 /* SceneDelegate.swift */ = {isa = PBXFileReference; lastKnownFileType = sourcecode.swift; path = SceneDelegate.swift; sourceTree = "<group>"; };
		0A4584362933AF1B00007134 /* ViewController.swift */ = {isa = PBXFileReference; lastKnownFileType = sourcecode.swift; path = ViewController.swift; sourceTree = "<group>"; };
		0A4584392933AF1B00007134 /* Base */ = {isa = PBXFileReference; lastKnownFileType = file.storyboard; name = Base; path = Base.lproj/Main.storyboard; sourceTree = "<group>"; };
		0A45843B2933AF1D00007134 /* Assets.xcassets */ = {isa = PBXFileReference; lastKnownFileType = folder.assetcatalog; path = Assets.xcassets; sourceTree = "<group>"; };
		0A45843E2933AF1D00007134 /* Base */ = {isa = PBXFileReference; lastKnownFileType = file.storyboard; name = Base; path = Base.lproj/LaunchScreen.storyboard; sourceTree = "<group>"; };
		0A4584402933AF1D00007134 /* Info.plist */ = {isa = PBXFileReference; lastKnownFileType = text.plist.xml; path = Info.plist; sourceTree = "<group>"; };
		0A4584472933B10000007134 /* NetworkClient.swift */ = {isa = PBXFileReference; lastKnownFileType = sourcecode.swift; path = NetworkClient.swift; sourceTree = "<group>"; };
		0A4584492933B13400007134 /* NetworkConfiguration.swift */ = {isa = PBXFileReference; lastKnownFileType = sourcecode.swift; path = NetworkConfiguration.swift; sourceTree = "<group>"; };
		0A45844B2933BFD000007134 /* NewsService.swift */ = {isa = PBXFileReference; lastKnownFileType = sourcecode.swift; path = NewsService.swift; sourceTree = "<group>"; };
		0A45844D2933C01E00007134 /* DI.swift */ = {isa = PBXFileReference; lastKnownFileType = sourcecode.swift; path = DI.swift; sourceTree = "<group>"; };
		0A4584502933C68300007134 /* NewsItem.swift */ = {isa = PBXFileReference; lastKnownFileType = sourcecode.swift; path = NewsItem.swift; sourceTree = "<group>"; };
		0A4584522933CE9600007134 /* JsonHelper.swift */ = {isa = PBXFileReference; lastKnownFileType = sourcecode.swift; path = JsonHelper.swift; sourceTree = "<group>"; };
/* End PBXFileReference section */

/* Begin PBXFrameworksBuildPhase section */
		0A45842C2933AF1B00007134 /* Frameworks */ = {
			isa = PBXFrameworksBuildPhase;
			buildActionMask = 2147483647;
			files = (
			);
			runOnlyForDeploymentPostprocessing = 0;
		};
/* End PBXFrameworksBuildPhase section */

/* Begin PBXGroup section */
		0A4584262933AF1B00007134 = {
			isa = PBXGroup;
			children = (
				0A4584312933AF1B00007134 /* HW24 */,
				0A4584302933AF1B00007134 /* Products */,
			);
			sourceTree = "<group>";
		};
		0A4584302933AF1B00007134 /* Products */ = {
			isa = PBXGroup;
			children = (
				0A45842F2933AF1B00007134 /* HW24.app */,
			);
			name = Products;
			sourceTree = "<group>";
		};
		0A4584312933AF1B00007134 /* HW24 */ = {
			isa = PBXGroup;
			children = (
				0A45844F2933C66400007134 /* Data */,
				0A4584462933B0D700007134 /* Sevices */,
				0A4584322933AF1B00007134 /* AppDelegate.swift */,
				0A4584342933AF1B00007134 /* SceneDelegate.swift */,
				0A4584362933AF1B00007134 /* ViewController.swift */,
				0A4584382933AF1B00007134 /* Main.storyboard */,
				0A45843B2933AF1D00007134 /* Assets.xcassets */,
				0A45843D2933AF1D00007134 /* LaunchScreen.storyboard */,
				0A4584402933AF1D00007134 /* Info.plist */,
				0A45844D2933C01E00007134 /* DI.swift */,
			);
			path = HW24;
			sourceTree = "<group>";
		};
		0A4584462933B0D700007134 /* Sevices */ = {
			isa = PBXGroup;
			children = (
				0A4584472933B10000007134 /* NetworkClient.swift */,
				0A4584492933B13400007134 /* NetworkConfiguration.swift */,
				0A45844B2933BFD000007134 /* NewsService.swift */,
				0A4584522933CE9600007134 /* JsonHelper.swift */,
			);
			path = Sevices;
			sourceTree = "<group>";
		};
		0A45844F2933C66400007134 /* Data */ = {
			isa = PBXGroup;
			children = (
				0A4584502933C68300007134 /* NewsItem.swift */,
			);
			path = Data;
			sourceTree = "<group>";
		};
/* End PBXGroup section */

/* Begin PBXNativeTarget section */
		0A45842E2933AF1B00007134 /* HW24 */ = {
			isa = PBXNativeTarget;
			buildConfigurationList = 0A4584432933AF1D00007134 /* Build configuration list for PBXNativeTarget "HW24" */;
			buildPhases = (
				0A45842B2933AF1B00007134 /* Sources */,
				0A45842C2933AF1B00007134 /* Frameworks */,
				0A45842D2933AF1B00007134 /* Resources */,
			);
			buildRules = (
			);
			dependencies = (
			);
			name = HW24;
			productName = HW24;
			productReference = 0A45842F2933AF1B00007134 /* HW24.app */;
			productType = "com.apple.product-type.application";
		};
/* End PBXNativeTarget section */

/* Begin PBXProject section */
		0A4584272933AF1B00007134 /* Project object */ = {
			isa = PBXProject;
			attributes = {
				BuildIndependentTargetsInParallel = 1;
				LastSwiftUpdateCheck = 1400;
				LastUpgradeCheck = 1400;
				TargetAttributes = {
					0A45842E2933AF1B00007134 = {
						CreatedOnToolsVersion = 14.0;
					};
				};
			};
			buildConfigurationList = 0A45842A2933AF1B00007134 /* Build configuration list for PBXProject "HW24" */;
			compatibilityVersion = "Xcode 14.0";
			developmentRegion = en;
			hasScannedForEncodings = 0;
			knownRegions = (
				en,
				Base,
			);
			mainGroup = 0A4584262933AF1B00007134;
			productRefGroup = 0A4584302933AF1B00007134 /* Products */;
			projectDirPath = "";
			projectRoot = "";
			targets = (
				0A45842E2933AF1B00007134 /* HW24 */,
			);
		};
/* End PBXProject section */

/* Begin PBXResourcesBuildPhase section */
		0A45842D2933AF1B00007134 /* Resources */ = {
			isa = PBXResourcesBuildPhase;
			buildActionMask = 2147483647;
			files = (
				0A45843F2933AF1D00007134 /* LaunchScreen.storyboard in Resources */,
				0A45843C2933AF1D00007134 /* Assets.xcassets in Resources */,
				0A45843A2933AF1B00007134 /* Main.storyboard in Resources */,
			);
			runOnlyForDeploymentPostprocessing = 0;
		};
/* End PBXResourcesBuildPhase section */

/* Begin PBXSourcesBuildPhase section */
		0A45842B2933AF1B00007134 /* Sources */ = {
			isa = PBXSourcesBuildPhase;
			buildActionMask = 2147483647;
			files = (
				0A4584532933CE9600007134 /* JsonHelper.swift in Sources */,
				0A45844C2933BFD000007134 /* NewsService.swift in Sources */,
				0A4584372933AF1B00007134 /* ViewController.swift in Sources */,
				0A45844A2933B13400007134 /* NetworkConfiguration.swift in Sources */,
				0A4584332933AF1B00007134 /* AppDelegate.swift in Sources */,
				0A4584482933B10000007134 /* NetworkClient.swift in Sources */,
				0A4584512933C68300007134 /* NewsItem.swift in Sources */,
				0A4584352933AF1B00007134 /* SceneDelegate.swift in Sources */,
				0A45844E2933C01E00007134 /* DI.swift in Sources */,
			);
			runOnlyForDeploymentPostprocessing = 0;
		};
/* End PBXSourcesBuildPhase section */

/* Begin PBXVariantGroup section */
		0A4584382933AF1B00007134 /* Main.storyboard */ = {
			isa = PBXVariantGroup;
			children = (
				0A4584392933AF1B00007134 /* Base */,
			);
			name = Main.storyboard;
			sourceTree = "<group>";
		};
		0A45843D2933AF1D00007134 /* LaunchScreen.storyboard */ = {
			isa = PBXVariantGroup;
			children = (
				0A45843E2933AF1D00007134 /* Base */,
			);
			name = LaunchScreen.storyboard;
			sourceTree = "<group>";
		};
/* End PBXVariantGroup section */

/* Begin XCBuildConfiguration section */
		0A4584412933AF1D00007134 /* Debug */ = {
			isa = XCBuildConfiguration;
			buildSettings = {
				ALWAYS_SEARCH_USER_PATHS = NO;
				CLANG_ANALYZER_NONNULL = YES;
				CLANG_ANALYZER_NUMBER_OBJECT_CONVERSION = YES_AGGRESSIVE;
				CLANG_CXX_LANGUAGE_STANDARD = "gnu++20";
				CLANG_ENABLE_MODULES = YES;
				CLANG_ENABLE_OBJC_ARC = YES;
				CLANG_ENABLE_OBJC_WEAK = YES;
				CLANG_WARN_BLOCK_CAPTURE_AUTORELEASING = YES;
				CLANG_WARN_BOOL_CONVERSION = YES;
				CLANG_WARN_COMMA = YES;
				CLANG_WARN_CONSTANT_CONVERSION = YES;
				CLANG_WARN_DEPRECATED_OBJC_IMPLEMENTATIONS = YES;
				CLANG_WARN_DIRECT_OBJC_ISA_USAGE = YES_ERROR;
				CLANG_WARN_DOCUMENTATION_COMMENTS = YES;
				CLANG_WARN_EMPTY_BODY = YES;
				CLANG_WARN_ENUM_CONVERSION = YES;
				CLANG_WARN_INFINITE_RECURSION = YES;
				CLANG_WARN_INT_CONVERSION = YES;
				CLANG_WARN_NON_LITERAL_NULL_CONVERSION = YES;
				CLANG_WARN_OBJC_IMPLICIT_RETAIN_SELF = YES;
				CLANG_WARN_OBJC_LITERAL_CONVERSION = YES;
				CLANG_WARN_OBJC_ROOT_CLASS = YES_ERROR;
				CLANG_WARN_QUOTED_INCLUDE_IN_FRAMEWORK_HEADER = YES;
				CLANG_WARN_RANGE_LOOP_ANALYSIS = YES;
				CLANG_WARN_STRICT_PROTOTYPES = YES;
				CLANG_WARN_SUSPICIOUS_MOVE = YES;
				CLANG_WARN_UNGUARDED_AVAILABILITY = YES_AGGRESSIVE;
				CLANG_WARN_UNREACHABLE_CODE = YES;
				CLANG_WARN__DUPLICATE_METHOD_MATCH = YES;
				COPY_PHASE_STRIP = NO;
				DEBUG_INFORMATION_FORMAT = dwarf;
				ENABLE_STRICT_OBJC_MSGSEND = YES;
				ENABLE_TESTABILITY = YES;
				GCC_C_LANGUAGE_STANDARD = gnu11;
				GCC_DYNAMIC_NO_PIC = NO;
				GCC_NO_COMMON_BLOCKS = YES;
				GCC_OPTIMIZATION_LEVEL = 0;
				GCC_PREPROCESSOR_DEFINITIONS = (
					"DEBUG=1",
					"$(inherited)",
				);
				GCC_WARN_64_TO_32_BIT_CONVERSION = YES;
				GCC_WARN_ABOUT_RETURN_TYPE = YES_ERROR;
				GCC_WARN_UNDECLARED_SELECTOR = YES;
				GCC_WARN_UNINITIALIZED_AUTOS = YES_AGGRESSIVE;
				GCC_WARN_UNUSED_FUNCTION = YES;
				GCC_WARN_UNUSED_VARIABLE = YES;
				IPHONEOS_DEPLOYMENT_TARGET = 16.0;
				MTL_ENABLE_DEBUG_INFO = INCLUDE_SOURCE;
				MTL_FAST_MATH = YES;
				ONLY_ACTIVE_ARCH = YES;
				SDKROOT = iphoneos;
				SWIFT_ACTIVE_COMPILATION_CONDITIONS = DEBUG;
				SWIFT_OPTIMIZATION_LEVEL = "-Onone";
			};
			name = Debug;
		};
		0A4584422933AF1D00007134 /* Release */ = {
			isa = XCBuildConfiguration;
			buildSettings = {
				ALWAYS_SEARCH_USER_PATHS = NO;
				CLANG_ANALYZER_NONNULL = YES;
				CLANG_ANALYZER_NUMBER_OBJECT_CONVERSION = YES_AGGRESSIVE;
				CLANG_CXX_LANGUAGE_STANDARD = "gnu++20";
				CLANG_ENABLE_MODULES = YES;
				CLANG_ENABLE_OBJC_ARC = YES;
				CLANG_ENABLE_OBJC_WEAK = YES;
				CLANG_WARN_BLOCK_CAPTURE_AUTORELEASING = YES;
				CLANG_WARN_BOOL_CONVERSION = YES;
				CLANG_WARN_COMMA = YES;
				CLANG_WARN_CONSTANT_CONVERSION = YES;
				CLANG_WARN_DEPRECATED_OBJC_IMPLEMENTATIONS = YES;
				CLANG_WARN_DIRECT_OBJC_ISA_USAGE = YES_ERROR;
				CLANG_WARN_DOCUMENTATION_COMMENTS = YES;
				CLANG_WARN_EMPTY_BODY = YES;
				CLANG_WARN_ENUM_CONVERSION = YES;
				CLANG_WARN_INFINITE_RECURSION = YES;
				CLANG_WARN_INT_CONVERSION = YES;
				CLANG_WARN_NON_LITERAL_NULL_CONVERSION = YES;
				CLANG_WARN_OBJC_IMPLICIT_RETAIN_SELF = YES;
				CLANG_WARN_OBJC_LITERAL_CONVERSION = YES;
				CLANG_WARN_OBJC_ROOT_CLASS = YES_ERROR;
				CLANG_WARN_QUOTED_INCLUDE_IN_FRAMEWORK_HEADER = YES;
				CLANG_WARN_RANGE_LOOP_ANALYSIS = YES;
				CLANG_WARN_STRICT_PROTOTYPES = YES;
				CLANG_WARN_SUSPICIOUS_MOVE = YES;
				CLANG_WARN_UNGUARDED_AVAILABILITY = YES_AGGRESSIVE;
				CLANG_WARN_UNREACHABLE_CODE = YES;
				CLANG_WARN__DUPLICATE_METHOD_MATCH = YES;
				COPY_PHASE_STRIP = NO;
				DEBUG_INFORMATION_FORMAT = "dwarf-with-dsym";
				ENABLE_NS_ASSERTIONS = NO;
				ENABLE_STRICT_OBJC_MSGSEND = YES;
				GCC_C_LANGUAGE_STANDARD = gnu11;
				GCC_NO_COMMON_BLOCKS = YES;
				GCC_WARN_64_TO_32_BIT_CONVERSION = YES;
				GCC_WARN_ABOUT_RETURN_TYPE = YES_ERROR;
				GCC_WARN_UNDECLARED_SELECTOR = YES;
				GCC_WARN_UNINITIALIZED_AUTOS = YES_AGGRESSIVE;
				GCC_WARN_UNUSED_FUNCTION = YES;
				GCC_WARN_UNUSED_VARIABLE = YES;
				IPHONEOS_DEPLOYMENT_TARGET = 16.0;
				MTL_ENABLE_DEBUG_INFO = NO;
				MTL_FAST_MATH = YES;
				SDKROOT = iphoneos;
				SWIFT_COMPILATION_MODE = wholemodule;
				SWIFT_OPTIMIZATION_LEVEL = "-O";
				VALIDATE_PRODUCT = YES;
			};
			name = Release;
		};
		0A4584442933AF1D00007134 /* Debug */ = {
			isa = XCBuildConfiguration;
			buildSettings = {
				ASSETCATALOG_COMPILER_APPICON_NAME = AppIcon;
				ASSETCATALOG_COMPILER_GLOBAL_ACCENT_COLOR_NAME = AccentColor;
				CODE_SIGN_STYLE = Automatic;
				CURRENT_PROJECT_VERSION = 1;
				GENERATE_INFOPLIST_FILE = YES;
				INFOPLIST_FILE = HW24/Info.plist;
				INFOPLIST_KEY_UIApplicationSupportsIndirectInputEvents = YES;
				INFOPLIST_KEY_UILaunchStoryboardName = LaunchScreen;
				INFOPLIST_KEY_UIMainStoryboardFile = Main;
				INFOPLIST_KEY_UISupportedInterfaceOrientations_iPad = "UIInterfaceOrientationPortrait UIInterfaceOrientationPortraitUpsideDown UIInterfaceOrientationLandscapeLeft UIInterfaceOrientationLandscapeRight";
				INFOPLIST_KEY_UISupportedInterfaceOrientations_iPhone = "UIInterfaceOrientationPortrait UIInterfaceOrientationLandscapeLeft UIInterfaceOrientationLandscapeRight";
				LD_RUNPATH_SEARCH_PATHS = (
					"$(inherited)",
					"@executable_path/Frameworks",
				);
				MARKETING_VERSION = 1.0;
				PRODUCT_BUNDLE_IDENTIFIER = com.HW24.HW24;
				PRODUCT_NAME = "$(TARGET_NAME)";
				SWIFT_EMIT_LOC_STRINGS = YES;
				SWIFT_VERSION = 5.0;
				TARGETED_DEVICE_FAMILY = "1,2";
			};
			name = Debug;
		};
		0A4584452933AF1D00007134 /* Release */ = {
			isa = XCBuildConfiguration;
			buildSettings = {
				ASSETCATALOG_COMPILER_APPICON_NAME = AppIcon;
				ASSETCATALOG_COMPILER_GLOBAL_ACCENT_COLOR_NAME = AccentColor;
				CODE_SIGN_STYLE = Automatic;
				CURRENT_PROJECT_VERSION = 1;
				GENERATE_INFOPLIST_FILE = YES;
				INFOPLIST_FILE = HW24/Info.plist;
				INFOPLIST_KEY_UIApplicationSupportsIndirectInputEvents = YES;
				INFOPLIST_KEY_UILaunchStoryboardName = LaunchScreen;
				INFOPLIST_KEY_UIMainStoryboardFile = Main;
				INFOPLIST_KEY_UISupportedInterfaceOrientations_iPad = "UIInterfaceOrientationPortrait UIInterfaceOrientationPortraitUpsideDown UIInterfaceOrientationLandscapeLeft UIInterfaceOrientationLandscapeRight";
				INFOPLIST_KEY_UISupportedInterfaceOrientations_iPhone = "UIInterfaceOrientationPortrait UIInterfaceOrientationLandscapeLeft UIInterfaceOrientationLandscapeRight";
				LD_RUNPATH_SEARCH_PATHS = (
					"$(inherited)",
					"@executable_path/Frameworks",
				);
				MARKETING_VERSION = 1.0;
				PRODUCT_BUNDLE_IDENTIFIER = com.HW24.HW24;
				PRODUCT_NAME = "$(TARGET_NAME)";
				SWIFT_EMIT_LOC_STRINGS = YES;
				SWIFT_VERSION = 5.0;
				TARGETED_DEVICE_FAMILY = "1,2";
			};
			name = Release;
		};
/* End XCBuildConfiguration section */

/* Begin XCConfigurationList section */
		0A45842A2933AF1B00007134 /* Build configuration list for PBXProject "HW24" */ = {
			isa = XCConfigurationList;
			buildConfigurations = (
				0A4584412933AF1D00007134 /* Debug */,
				0A4584422933AF1D00007134 /* Release */,
			);
			defaultConfigurationIsVisible = 0;
			defaultConfigurationName = Release;
		};
		0A4584432933AF1D00007134 /* Build configuration list for PBXNativeTarget "HW24" */ = {
			isa = XCConfigurationList;
			buildConfigurations = (
				0A4584442933AF1D00007134 /* Debug */,
				0A4584452933AF1D00007134 /* Release */,
			);
			defaultConfigurationIsVisible = 0;
			defaultConfigurationName = Release;
		};
/* End XCConfigurationList section */
	};
	rootObject = 0A4584272933AF1B00007134 /* Project object */;
}
